
Microsoft Visual Studio Solution File, Format Version 12.00
# Visual Studio Version 16
VisualStudioVersion = 16.0.31702.278
MinimumVisualStudioVersion = 10.0.40219.1
Project("{FAE04EC0-301F-11D3-BF4B-00C04F79EFBC}") = "Лаба 2 строки", "Лаба 2 строки.csproj", "{C2C7D46D-E522-4010-8DB7-11F26F358643}"
EndProject
Global
	GlobalSection(SolutionConfigurationPlatforms) = preSolution
		Debug|Any CPU = Debug|Any CPU
		Release|Any CPU = Release|Any CPU
	EndGlobalSection
	GlobalSection(ProjectConfigurationPlatforms) = postSolution
		{C2C7D46D-E522-4010-8DB7-11F26F358643}.Debug|Any CPU.ActiveCfg = Debug|Any CPU
		{C2C7D46D-E522-4010-8DB7-11F26F358643}.Debug|Any CPU.Build.0 = Debug|Any CPU
		{C2C7D46D-E522-4010-8DB7-11F26F358643}.Release|Any CPU.ActiveCfg = Release|Any CPU
		{C2C7D46D-E522-4010-8DB7-11F26F358643}.Release|Any CPU.Build.0 = Release|Any CPU
	EndGlobalSection
	GlobalSection(SolutionProperties) = preSolution
		HideSolutionNode = FALSE
	EndGlobalSection
	GlobalSection(ExtensibilityGlobals) = postSolution
		SolutionGuid = {FFB653B5-0E85-49EB-8772-E4E9CFA43F5A}
	EndGlobalSection
EndGlobal
